
Microsoft Visual Studio Solution File, Format Version 12.00
# Visual Studio Version 16
VisualStudioVersion = 16.0.29519.181
MinimumVisualStudioVersion = 10.0.40219.1
Project("{9A19103F-16F7-4668-BE54-9A1E7A4F7556}") = "BackEnd", "CourseStudent_API\BackEnd.csproj", "{9BB95875-FB2C-4AE4-8241-4D10D8EE1AA7}"
EndProject
Project("{9A19103F-16F7-4668-BE54-9A1E7A4F7556}") = "BackEnd_DAL", "StudentCourse_DAL\BackEnd_DAL.csproj", "{EE6DE310-6196-407C-B377-937F1072DE20}"
EndProject
Project("{9A19103F-16F7-4668-BE54-9A1E7A4F7556}") = "BackEnd_BAL", "StudentCourse_BAL\BackEnd_BAL.csproj", "{84567C3D-967C-466D-A4ED-BD308F1A8A12}"
EndProject
Global
	GlobalSection(SolutionConfigurationPlatforms) = preSolution
		Debug|Any CPU = Debug|Any CPU
		Release|Any CPU = Release|Any CPU
	EndGlobalSection
	GlobalSection(ProjectConfigurationPlatforms) = postSolution
		{9BB95875-FB2C-4AE4-8241-4D10D8EE1AA7}.Debug|Any CPU.ActiveCfg = Debug|Any CPU
		{9BB95875-FB2C-4AE4-8241-4D10D8EE1AA7}.Debug|Any CPU.Build.0 = Debug|Any CPU
		{9BB95875-FB2C-4AE4-8241-4D10D8EE1AA7}.Release|Any CPU.ActiveCfg = Release|Any CPU
		{9BB95875-FB2C-4AE4-8241-4D10D8EE1AA7}.Release|Any CPU.Build.0 = Release|Any CPU
		{EE6DE310-6196-407C-B377-937F1072DE20}.Debug|Any CPU.ActiveCfg = Debug|Any CPU
		{EE6DE310-6196-407C-B377-937F1072DE20}.Debug|Any CPU.Build.0 = Debug|Any CPU
		{EE6DE310-6196-407C-B377-937F1072DE20}.Release|Any CPU.ActiveCfg = Release|Any CPU
		{EE6DE310-6196-407C-B377-937F1072DE20}.Release|Any CPU.Build.0 = Release|Any CPU
		{84567C3D-967C-466D-A4ED-BD308F1A8A12}.Debug|Any CPU.ActiveCfg = Debug|Any CPU
		{84567C3D-967C-466D-A4ED-BD308F1A8A12}.Debug|Any CPU.Build.0 = Debug|Any CPU
		{84567C3D-967C-466D-A4ED-BD308F1A8A12}.Release|Any CPU.ActiveCfg = Release|Any CPU
		{84567C3D-967C-466D-A4ED-BD308F1A8A12}.Release|Any CPU.Build.0 = Release|Any CPU
	EndGlobalSection
	GlobalSection(SolutionProperties) = preSolution
		HideSolutionNode = FALSE
	EndGlobalSection
	GlobalSection(ExtensibilityGlobals) = postSolution
		SolutionGuid = {22EFFDE7-494E-457D-A8F3-A083CBB44EA7}
	EndGlobalSection
EndGlobal
